
Microsoft Visual Studio Solution File, Format Version 12.00
# Visual Studio Version 16
VisualStudioVersion = 16.0.31321.278
MinimumVisualStudioVersion = 10.0.40219.1
Project("{FAE04EC0-301F-11D3-BF4B-00C04F79EFBC}") = "Lab456", "Lab456.csproj", "{EEEEB171-CA23-436B-87A7-A4D537EF1FF1}"
EndProject
Global
	GlobalSection(SolutionConfigurationPlatforms) = preSolution
		Debug|Any CPU = Debug|Any CPU
		Release|Any CPU = Release|Any CPU
	EndGlobalSection
	GlobalSection(ProjectConfigurationPlatforms) = postSolution
		{EEEEB171-CA23-436B-87A7-A4D537EF1FF1}.Debug|Any CPU.ActiveCfg = Debug|Any CPU
		{EEEEB171-CA23-436B-87A7-A4D537EF1FF1}.Debug|Any CPU.Build.0 = Debug|Any CPU
		{EEEEB171-CA23-436B-87A7-A4D537EF1FF1}.Release|Any CPU.ActiveCfg = Release|Any CPU
		{EEEEB171-CA23-436B-87A7-A4D537EF1FF1}.Release|Any CPU.Build.0 = Release|Any CPU
	EndGlobalSection
	GlobalSection(SolutionProperties) = preSolution
		HideSolutionNode = FALSE
	EndGlobalSection
	GlobalSection(ExtensibilityGlobals) = postSolution
		SolutionGuid = {654D4314-187A-4AB9-B082-427A2F7D6B2E}
	EndGlobalSection
EndGlobal
